PODS:
  - AFNetworking (3.0.4):
    - AFNetworking/NSURLSession (= 3.0.4)
    - AFNetworking/Reachability (= 3.0.4)
    - AFNetworking/Security (= 3.0.4)
    - AFNetworking/Serialization (= 3.0.4)
    - AFNetworking/UIKit (= 3.0.4)
  - AFNetworking/NSURLSession (3.0.4):
    - AFNetworking/Reachability
    - AFNetworking/Security
    - AFNetworking/Serialization
  - AFNetworking/Reachability (3.0.4)
  - AFNetworking/Security (3.0.4)
  - AFNetworking/Serialization (3.0.4)
  - AFNetworking/UIKit (3.0.4):
    - AFNetworking/NSURLSession
  - FMDB (2.7.2):
    - FMDB/standard (= 2.7.2)
  - FMDB/standard (2.7.2)
  - IQKeyboardManager (5.0.6)
  - LKDBHelper (2.4.7):
    - LKDBHelper/standard (= 2.4.7)
  - LKDBHelper/standard (2.4.7):
    - FMDB
  - Masonry (1.1.0)
  - MJRefresh (3.1.15.1)
  - PGDatePicker (1.5.2):
    - PGPickerView
  - PGPickerView (1.2.1)
  - SVProgressHUD (2.2.2)
  - XZPickView (1):
    - Masonry
  - YYModel (1.0.4)

DEPENDENCIES:
  - AFNetworking (~> 3.0.4)
  - IQKeyboardManager
  - LKDBHelper
  - Masonry
  - MJRefresh
  - PGDatePicker
  - SVProgressHUD
  - XZPickView
  - YYModel

SPEC CHECKSUMS:
  AFNetworking: a0075feb321559dc78d9d85b55d11caa19eabb93
  FMDB: 6198a90e7b6900cfc046e6bc0ef6ebb7be9236aa
  IQKeyboardManager: 077b7f691dfa9d69db9cff66f2bed68ebfc02d9b
  LKDBHelper: a6c63147491654da18f72212f80d67db3a27289c
  Masonry: 678fab65091a9290e40e2832a55e7ab731aad201
  MJRefresh: 5f8552bc25ca8751c010f621c1098dbdaacbccd6
  PGDatePicker: dc57c3ba4d4a7860d687220f0918a0bd0909bb44
  PGPickerView: cb49c6b3e2a39148bef9f666fa58bb349e0c3b85
  SVProgressHUD: 59b2d3dabacbd051576d21d32293ca7228dc18b0
  XZPickView: 26a9ce7edc2280dd81b8c228559d29d4e6ab969e
  YYModel: 2a7fdd96aaa4b86a824e26d0c517de8928c04b30

PODFILE CHECKSUM: 96023e58216f2ea2788a24c8c66278262de5b95c

COCOAPODS: 1.3.1
